
Microsoft Visual Studio Solution File, Format Version 11.00
# Visual Studio 2010
Project("{FAE04EC0-301F-11D3-BF4B-00C04F79EFBC}") = "Bernt", "Bernt\Bernt\Bernt.csproj", "{4A1E0D99-B569-4582-A489-812D66548AAF}"
EndProject
Project("{96E2B04D-8817-42C6-938A-82C39BA4D311}") = "BerntContent", "Bernt\BerntContent\BerntContent.contentproj", "{A9E60AD5-EEF3-4DF0-A7B2-9B88D61AD7F4}"
EndProject
Global
	GlobalSection(SolutionConfigurationPlatforms) = preSolution
		Debug|x86 = Debug|x86
		Release|x86 = Release|x86
	EndGlobalSection
	GlobalSection(ProjectConfigurationPlatforms) = postSolution
		{4A1E0D99-B569-4582-A489-812D66548AAF}.Debug|x86.ActiveCfg = Debug|x86
		{4A1E0D99-B569-4582-A489-812D66548AAF}.Debug|x86.Build.0 = Debug|x86
		{4A1E0D99-B569-4582-A489-812D66548AAF}.Release|x86.ActiveCfg = Release|x86
		{4A1E0D99-B569-4582-A489-812D66548AAF}.Release|x86.Build.0 = Release|x86
		{A9E60AD5-EEF3-4DF0-A7B2-9B88D61AD7F4}.Debug|x86.ActiveCfg = Debug|x86
		{A9E60AD5-EEF3-4DF0-A7B2-9B88D61AD7F4}.Release|x86.ActiveCfg = Release|x86
	EndGlobalSection
	GlobalSection(SolutionProperties) = preSolution
		HideSolutionNode = FALSE
	EndGlobalSection
EndGlobal
